# This file was autogenerated by Stack.
# You should not edit this file by hand.
# For more information, please see the documentation at:
#   https://docs.haskellstack.org/en/stable/lock_files

packages:
- completed:
    hackage: conversion-1.2.1@sha256:8db4210950736e54be5cd7f7076c19e05d06fb48673eb23638093246a1e7199e,2155
    pantry-tree:
      size: 267
      sha256: f199f459ee8ab2ce5f41cb8199ca60a7ad4f7897a5c474e10126dff6035ca4e9
  original:
    hackage: conversion-1.2.1@sha256:8db4210950736e54be5cd7f7076c19e05d06fb48673eb23638093246a1e7199e,2155
snapshots:
- completed:
    size: 567672
    url: https://raw.githubusercontent.com/commercialhaskell/stackage-snapshots/master/lts/17/11.yaml
    sha256: 03181cdbeb671eb605bbcf6f285bea4d094b6ac7433a0e14a9f1dd54ad995938
  original:
    url: https://raw.githubusercontent.com/commercialhaskell/stackage-snapshots/master/lts/17/11.yaml
